
Microsoft Visual Studio Solution File, Format Version 12.00
# Visual Studio Version 17
VisualStudioVersion = 17.14.36301.6 d17.14
MinimumVisualStudioVersion = 10.0.40219.1
Project("{FAE04EC0-301F-11D3-BF4B-00C04F79EFBC}") = "PropostaService.Core", "PropostaService.Core\PropostaService.Core.csproj", "{7D64D0DB-B20F-45B6-A526-81E66226E490}"
EndProject
Project("{FAE04EC0-301F-11D3-BF4B-00C04F79EFBC}") = "PropostaService.Adapters", "PropostaService.Adapters\PropostaService.Adapters.csproj", "{2D89CC3E-B9C2-42F7-8788-4773EC7A35B4}"
EndProject
Project("{FAE04EC0-301F-11D3-BF4B-00C04F79EFBC}") = "PropostaService.Api", "PropostaService.Api\PropostaService.Api.csproj", "{3085C298-0286-4B10-8ED9-52C309BF3FE1}"
EndProject
Global
	GlobalSection(SolutionConfigurationPlatforms) = preSolution
		Debug|Any CPU = Debug|Any CPU
		Release|Any CPU = Release|Any CPU
	EndGlobalSection
	GlobalSection(ProjectConfigurationPlatforms) = postSolution
		{7D64D0DB-B20F-45B6-A526-81E66226E490}.Debug|Any CPU.ActiveCfg = Debug|Any CPU
		{7D64D0DB-B20F-45B6-A526-81E66226E490}.Debug|Any CPU.Build.0 = Debug|Any CPU
		{7D64D0DB-B20F-45B6-A526-81E66226E490}.Release|Any CPU.ActiveCfg = Release|Any CPU
		{7D64D0DB-B20F-45B6-A526-81E66226E490}.Release|Any CPU.Build.0 = Release|Any CPU
		{2D89CC3E-B9C2-42F7-8788-4773EC7A35B4}.Debug|Any CPU.ActiveCfg = Debug|Any CPU
		{2D89CC3E-B9C2-42F7-8788-4773EC7A35B4}.Debug|Any CPU.Build.0 = Debug|Any CPU
		{2D89CC3E-B9C2-42F7-8788-4773EC7A35B4}.Release|Any CPU.ActiveCfg = Release|Any CPU
		{2D89CC3E-B9C2-42F7-8788-4773EC7A35B4}.Release|Any CPU.Build.0 = Release|Any CPU
		{3085C298-0286-4B10-8ED9-52C309BF3FE1}.Debug|Any CPU.ActiveCfg = Debug|Any CPU
		{3085C298-0286-4B10-8ED9-52C309BF3FE1}.Debug|Any CPU.Build.0 = Debug|Any CPU
		{3085C298-0286-4B10-8ED9-52C309BF3FE1}.Release|Any CPU.ActiveCfg = Release|Any CPU
		{3085C298-0286-4B10-8ED9-52C309BF3FE1}.Release|Any CPU.Build.0 = Release|Any CPU
	EndGlobalSection
	GlobalSection(SolutionProperties) = preSolution
		HideSolutionNode = FALSE
	EndGlobalSection
	GlobalSection(ExtensibilityGlobals) = postSolution
		SolutionGuid = {D501C0C1-58BB-4CC8-9CCD-0C57E54520B2}
	EndGlobalSection
EndGlobal
